// !$*UTF8*$!
{
	archiveVersion = 1;
	classes = {
	};
	objectVersion = 50;
	objects = {

/* Begin PBXBuildFile section */
		668EC2D82525B77700686E3A /* AppDelegate.swift in Sources */ = {isa = PBXBuildFile; fileRef = 668EC2D72525B77700686E3A /* AppDelegate.swift */; };
		668EC2DA2525B77700686E3A /* SceneDelegate.swift in Sources */ = {isa = PBXBuildFile; fileRef = 668EC2D92525B77700686E3A /* SceneDelegate.swift */; };
		668EC2DC2525B77700686E3A /* ViewController.swift in Sources */ = {isa = PBXBuildFile; fileRef = 668EC2DB2525B77700686E3A /* ViewController.swift */; };
		668EC2DF2525B77700686E3A /* Main.storyboard in Resources */ = {isa = PBXBuildFile; fileRef = 668EC2DD2525B77700686E3A /* Main.storyboard */; };
		668EC2E12525B77800686E3A /* Assets.xcassets in Resources */ = {isa = PBXBuildFile; fileRef = 668EC2E02525B77800686E3A /* Assets.xcassets */; };
		668EC2E42525B77800686E3A /* LaunchScreen.storyboard in Resources */ = {isa = PBXBuildFile; fileRef = 668EC2E22525B77800686E3A /* LaunchScreen.storyboard */; };
		668EC2EF2525B77800686E3A /* CardGameTests.swift in Sources */ = {isa = PBXBuildFile; fileRef = 668EC2EE2525B77800686E3A /* CardGameTests.swift */; };
		668EC2FA2525B77800686E3A /* CardGameUITests.swift in Sources */ = {isa = PBXBuildFile; fileRef = 668EC2F92525B77800686E3A /* CardGameUITests.swift */; };
/* End PBXBuildFile section */

/* Begin PBXContainerItemProxy section */
		668EC2EB2525B77800686E3A /* PBXContainerItemProxy */ = {
			isa = PBXContainerItemProxy;
			containerPortal = 668EC2CC2525B77700686E3A /* Project object */;
			proxyType = 1;
			remoteGlobalIDString = 668EC2D32525B77700686E3A;
			remoteInfo = CardGame;
		};
		668EC2F62525B77800686E3A /* PBXContainerItemProxy */ = {
			isa = PBXContainerItemProxy;
			containerPortal = 668EC2CC2525B77700686E3A /* Project object */;
			proxyType = 1;
			remoteGlobalIDString = 668EC2D32525B77700686E3A;
			remoteInfo = CardGame;
		};
/* End PBXContainerItemProxy section */

/* Begin PBXFileReference section */
		668EC2D42525B77700686E3A /* CardGame.app */ = {isa = PBXFileReference; explicitFileType = wrapper.application; includeInIndex = 0; path = CardGame.app; sourceTree = BUILT_PRODUCTS_DIR; };
		668EC2D72525B77700686E3A /* AppDelegate.swift */ = {isa = PBXFileReference; lastKnownFileType = sourcecode.swift; path = AppDelegate.swift; sourceTree = "<group>"; };
		668EC2D92525B77700686E3A /* SceneDelegate.swift */ = {isa = PBXFileReference; lastKnownFileType = sourcecode.swift; path = SceneDelegate.swift; sourceTree = "<group>"; };
		668EC2DB2525B77700686E3A /* ViewController.swift */ = {isa = PBXFileReference; lastKnownFileType = sourcecode.swift; path = ViewController.swift; sourceTree = "<group>"; };
		668EC2DE2525B77700686E3A /* Base */ = {isa = PBXFileReference; lastKnownFileType = file.storyboard; name = Base; path = Base.lproj/Main.storyboard; sourceTree = "<group>"; };
		668EC2E02525B77800686E3A /* Assets.xcassets */ = {isa = PBXFileReference; lastKnownFileType = folder.assetcatalog; path = Assets.xcassets; sourceTree = "<group>"; };
		668EC2E32525B77800686E3A /* Base */ = {isa = PBXFileReference; lastKnownFileType = file.storyboard; name = Base; path = Base.lproj/LaunchScreen.storyboard; sourceTree = "<group>"; };
		668EC2E52525B77800686E3A /* Info.plist */ = {isa = PBXFileReference; lastKnownFileType = text.plist.xml; path = Info.plist; sourceTree = "<group>"; };
		668EC2EA2525B77800686E3A /* CardGameTests.xctest */ = {isa = PBXFileReference; explicitFileType = wrapper.cfbundle; includeInIndex = 0; path = CardGameTests.xctest; sourceTree = BUILT_PRODUCTS_DIR; };
		668EC2EE2525B77800686E3A /* CardGameTests.swift */ = {isa = PBXFileReference; lastKnownFileType = sourcecode.swift; path = CardGameTests.swift; sourceTree = "<group>"; };
		668EC2F02525B77800686E3A /* Info.plist */ = {isa = PBXFileReference; lastKnownFileType = text.plist.xml; path = Info.plist; sourceTree = "<group>"; };
		668EC2F52525B77800686E3A /* CardGameUITests.xctest */ = {isa = PBXFileReference; explicitFileType = wrapper.cfbundle; includeInIndex = 0; path = CardGameUITests.xctest; sourceTree = BUILT_PRODUCTS_DIR; };
		668EC2F92525B77800686E3A /* CardGameUITests.swift */ = {isa = PBXFileReference; lastKnownFileType = sourcecode.swift; path = CardGameUITests.swift; sourceTree = "<group>"; };
		668EC2FB2525B77800686E3A /* Info.plist */ = {isa = PBXFileReference; lastKnownFileType = text.plist.xml; path = Info.plist; sourceTree = "<group>"; };
/* End PBXFileReference section */

/* Begin PBXFrameworksBuildPhase section */
		668EC2D12525B77700686E3A /* Frameworks */ = {
			isa = PBXFrameworksBuildPhase;
			buildActionMask = 2147483647;
			files = (
			);
			runOnlyForDeploymentPostprocessing = 0;
		};
		668EC2E72525B77800686E3A /* Frameworks */ = {
			isa = PBXFrameworksBuildPhase;
			buildActionMask = 2147483647;
			files = (
			);
			runOnlyForDeploymentPostprocessing = 0;
		};
		668EC2F22525B77800686E3A /* Frameworks */ = {
			isa = PBXFrameworksBuildPhase;
			buildActionMask = 2147483647;
			files = (
			);
			runOnlyForDeploymentPostprocessing = 0;
		};
/* End PBXFrameworksBuildPhase section */

/* Begin PBXGroup section */
		668EC2CB2525B77700686E3A = {
			isa = PBXGroup;
			children = (
				668EC2D62525B77700686E3A /* CardGame */,
				668EC2ED2525B77800686E3A /* CardGameTests */,
				668EC2F82525B77800686E3A /* CardGameUITests */,
				668EC2D52525B77700686E3A /* Products */,
			);
			sourceTree = "<group>";
		};
		668EC2D52525B77700686E3A /* Products */ = {
			isa = PBXGroup;
			children = (
				668EC2D42525B77700686E3A /* CardGame.app */,
				668EC2EA2525B77800686E3A /* CardGameTests.xctest */,
				668EC2F52525B77800686E3A /* CardGameUITests.xctest */,
			);
			name = Products;
			sourceTree = "<group>";
		};
		668EC2D62525B77700686E3A /* CardGame */ = {
			isa = PBXGroup;
			children = (
				668EC2D72525B77700686E3A /* AppDelegate.swift */,
				668EC2D92525B77700686E3A /* SceneDelegate.swift */,
				668EC2DB2525B77700686E3A /* ViewController.swift */,
				668EC2DD2525B77700686E3A /* Main.storyboard */,
				668EC2E02525B77800686E3A /* Assets.xcassets */,
				668EC2E22525B77800686E3A /* LaunchScreen.storyboard */,
				668EC2E52525B77800686E3A /* Info.plist */,
			);
			path = CardGame;
			sourceTree = "<group>";
		};
		668EC2ED2525B77800686E3A /* CardGameTests */ = {
			isa = PBXGroup;
			children = (
				668EC2EE2525B77800686E3A /* CardGameTests.swift */,
				668EC2F02525B77800686E3A /* Info.plist */,
			);
			path = CardGameTests;
			sourceTree = "<group>";
		};
		668EC2F82525B77800686E3A /* CardGameUITests */ = {
			isa = PBXGroup;
			children = (
				668EC2F92525B77800686E3A /* CardGameUITests.swift */,
				668EC2FB2525B77800686E3A /* Info.plist */,
			);
			path = CardGameUITests;
			sourceTree = "<group>";
		};
/* End PBXGroup section */

/* Begin PBXNativeTarget section */
		668EC2D32525B77700686E3A /* CardGame */ = {
			isa = PBXNativeTarget;
			buildConfigurationList = 668EC2FE2525B77800686E3A /* Build configuration list for PBXNativeTarget "CardGame" */;
			buildPhases = (
				668EC2D02525B77700686E3A /* Sources */,
				668EC2D12525B77700686E3A /* Frameworks */,
				668EC2D22525B77700686E3A /* Resources */,
			);
			buildRules = (
			);
			dependencies = (
			);
			name = CardGame;
			productName = CardGame;
			productReference = 668EC2D42525B77700686E3A /* CardGame.app */;
			productType = "com.apple.product-type.application";
		};
		668EC2E92525B77800686E3A /* CardGameTests */ = {
			isa = PBXNativeTarget;
			buildConfigurationList = 668EC3012525B77800686E3A /* Build configuration list for PBXNativeTarget "CardGameTests" */;
			buildPhases = (
				668EC2E62525B77800686E3A /* Sources */,
				668EC2E72525B77800686E3A /* Frameworks */,
				668EC2E82525B77800686E3A /* Resources */,
			);
			buildRules = (
			);
			dependencies = (
				668EC2EC2525B77800686E3A /* PBXTargetDependency */,
			);
			name = CardGameTests;
			productName = CardGameTests;
			productReference = 668EC2EA2525B77800686E3A /* CardGameTests.xctest */;
			productType = "com.apple.product-type.bundle.unit-test";
		};
		668EC2F42525B77800686E3A /* CardGameUITests */ = {
			isa = PBXNativeTarget;
			buildConfigurationList = 668EC3042525B77800686E3A /* Build configuration list for PBXNativeTarget "CardGameUITests" */;
			buildPhases = (
				668EC2F12525B77800686E3A /* Sources */,
				668EC2F22525B77800686E3A /* Frameworks */,
				668EC2F32525B77800686E3A /* Resources */,
			);
			buildRules = (
			);
			dependencies = (
				668EC2F72525B77800686E3A /* PBXTargetDependency */,
			);
			name = CardGameUITests;
			productName = CardGameUITests;
			productReference = 668EC2F52525B77800686E3A /* CardGameUITests.xctest */;
			productType = "com.apple.product-type.bundle.ui-testing";
		};
/* End PBXNativeTarget section */

/* Begin PBXProject section */
		668EC2CC2525B77700686E3A /* Project object */ = {
			isa = PBXProject;
			attributes = {
				LastSwiftUpdateCheck = 1200;
				LastUpgradeCheck = 1200;
				TargetAttributes = {
					668EC2D32525B77700686E3A = {
						CreatedOnToolsVersion = 12.0.1;
					};
					668EC2E92525B77800686E3A = {
						CreatedOnToolsVersion = 12.0.1;
						TestTargetID = 668EC2D32525B77700686E3A;
					};
					668EC2F42525B77800686E3A = {
						CreatedOnToolsVersion = 12.0.1;
						TestTargetID = 668EC2D32525B77700686E3A;
					};
				};
			};
			buildConfigurationList = 668EC2CF2525B77700686E3A /* Build configuration list for PBXProject "CardGame" */;
			compatibilityVersion = "Xcode 9.3";
			developmentRegion = en;
			hasScannedForEncodings = 0;
			knownRegions = (
				en,
				Base,
			);
			mainGroup = 668EC2CB2525B77700686E3A;
			productRefGroup = 668EC2D52525B77700686E3A /* Products */;
			projectDirPath = "";
			projectRoot = "";
			targets = (
				668EC2D32525B77700686E3A /* CardGame */,
				668EC2E92525B77800686E3A /* CardGameTests */,
				668EC2F42525B77800686E3A /* CardGameUITests */,
			);
		};
/* End PBXProject section */

/* Begin PBXResourcesBuildPhase section */
		668EC2D22525B77700686E3A /* Resources */ = {
			isa = PBXResourcesBuildPhase;
			buildActionMask = 2147483647;
			files = (
				668EC2E42525B77800686E3A /* LaunchScreen.storyboard in Resources */,
				668EC2E12525B77800686E3A /* Assets.xcassets in Resources */,
				668EC2DF2525B77700686E3A /* Main.storyboard in Resources */,
			);
			runOnlyForDeploymentPostprocessing = 0;
		};
		668EC2E82525B77800686E3A /* Resources */ = {
			isa = PBXResourcesBuildPhase;
			buildActionMask = 2147483647;
			files = (
			);
			runOnlyForDeploymentPostprocessing = 0;
		};
		668EC2F32525B77800686E3A /* Resources */ = {
			isa = PBXResourcesBuildPhase;
			buildActionMask = 2147483647;
			files = (
			);
			runOnlyForDeploymentPostprocessing = 0;
		};
/* End PBXResourcesBuildPhase section */

/* Begin PBXSourcesBuildPhase section */
		668EC2D02525B77700686E3A /* Sources */ = {
			isa = PBXSourcesBuildPhase;
			buildActionMask = 2147483647;
			files = (
				668EC2DC2525B77700686E3A /* ViewController.swift in Sources */,
				668EC2D82525B77700686E3A /* AppDelegate.swift in Sources */,
				668EC2DA2525B77700686E3A /* SceneDelegate.swift in Sources */,
			);
			runOnlyForDeploymentPostprocessing = 0;
		};
		668EC2E62525B77800686E3A /* Sources */ = {
			isa = PBXSourcesBuildPhase;
			buildActionMask = 2147483647;
			files = (
				668EC2EF2525B77800686E3A /* CardGameTests.swift in Sources */,
			);
			runOnlyForDeploymentPostprocessing = 0;
		};
		668EC2F12525B77800686E3A /* Sources */ = {
			isa = PBXSourcesBuildPhase;
			buildActionMask = 2147483647;
			files = (
				668EC2FA2525B77800686E3A /* CardGameUITests.swift in Sources */,
			);
			runOnlyForDeploymentPostprocessing = 0;
		};
/* End PBXSourcesBuildPhase section */

/* Begin PBXTargetDependency section */
		668EC2EC2525B77800686E3A /* PBXTargetDependency */ = {
			isa = PBXTargetDependency;
			target = 668EC2D32525B77700686E3A /* CardGame */;
			targetProxy = 668EC2EB2525B77800686E3A /* PBXContainerItemProxy */;
		};
		668EC2F72525B77800686E3A /* PBXTargetDependency */ = {
			isa = PBXTargetDependency;
			target = 668EC2D32525B77700686E3A /* CardGame */;
			targetProxy = 668EC2F62525B77800686E3A /* PBXContainerItemProxy */;
		};
/* End PBXTargetDependency section */

/* Begin PBXVariantGroup section */
		668EC2DD2525B77700686E3A /* Main.storyboard */ = {
			isa = PBXVariantGroup;
			children = (
				668EC2DE2525B77700686E3A /* Base */,
			);
			name = Main.storyboard;
			sourceTree = "<group>";
		};
		668EC2E22525B77800686E3A /* LaunchScreen.storyboard */ = {
			isa = PBXVariantGroup;
			children = (
				668EC2E32525B77800686E3A /* Base */,
			);
			name = LaunchScreen.storyboard;
			sourceTree = "<group>";
		};
/* End PBXVariantGroup section */

/* Begin XCBuildConfiguration section */
		668EC2FC2525B77800686E3A /* Debug */ = {
			isa = XCBuildConfiguration;
			buildSettings = {
				ALWAYS_SEARCH_USER_PATHS = NO;
				CLANG_ANALYZER_NONNULL = YES;
				CLANG_ANALYZER_NUMBER_OBJECT_CONVERSION = YES_AGGRESSIVE;
				CLANG_CXX_LANGUAGE_STANDARD = "gnu++14";
				CLANG_CXX_LIBRARY = "libc++";
				CLANG_ENABLE_MODULES = YES;
				CLANG_ENABLE_OBJC_ARC = YES;
				CLANG_ENABLE_OBJC_WEAK = YES;
				CLANG_WARN_BLOCK_CAPTURE_AUTORELEASING = YES;
				CLANG_WARN_BOOL_CONVERSION = YES;
				CLANG_WARN_COMMA = YES;
				CLANG_WARN_CONSTANT_CONVERSION = YES;
				CLANG_WARN_DEPRECATED_OBJC_IMPLEMENTATIONS = YES;
				CLANG_WARN_DIRECT_OBJC_ISA_USAGE = YES_ERROR;
				CLANG_WARN_DOCUMENTATION_COMMENTS = YES;
				CLANG_WARN_EMPTY_BODY = YES;
				CLANG_WARN_ENUM_CONVERSION = YES;
				CLANG_WARN_INFINITE_RECURSION = YES;
				CLANG_WARN_INT_CONVERSION = YES;
				CLANG_WARN_NON_LITERAL_NULL_CONVERSION = YES;
				CLANG_WARN_OBJC_IMPLICIT_RETAIN_SELF = YES;
				CLANG_WARN_OBJC_LITERAL_CONVERSION = YES;
				CLANG_WARN_OBJC_ROOT_CLASS = YES_ERROR;
				CLANG_WARN_QUOTED_INCLUDE_IN_FRAMEWORK_HEADER = YES;
				CLANG_WARN_RANGE_LOOP_ANALYSIS = YES;
				CLANG_WARN_STRICT_PROTOTYPES = YES;
				CLANG_WARN_SUSPICIOUS_MOVE = YES;
				CLANG_WARN_UNGUARDED_AVAILABILITY = YES_AGGRESSIVE;
				CLANG_WARN_UNREACHABLE_CODE = YES;
				CLANG_WARN__DUPLICATE_METHOD_MATCH = YES;
				COPY_PHASE_STRIP = NO;
				DEBUG_INFORMATION_FORMAT = dwarf;
				ENABLE_STRICT_OBJC_MSGSEND = YES;
				ENABLE_TESTABILITY = YES;
				GCC_C_LANGUAGE_STANDARD = gnu11;
				GCC_DYNAMIC_NO_PIC = NO;
				GCC_NO_COMMON_BLOCKS = YES;
				GCC_OPTIMIZATION_LEVEL = 0;
				GCC_PREPROCESSOR_DEFINITIONS = (
					"DEBUG=1",
					"$(inherited)",
				);
				GCC_WARN_64_TO_32_BIT_CONVERSION = YES;
				GCC_WARN_ABOUT_RETURN_TYPE = YES_ERROR;
				GCC_WARN_UNDECLARED_SELECTOR = YES;
				GCC_WARN_UNINITIALIZED_AUTOS = YES_AGGRESSIVE;
				GCC_WARN_UNUSED_FUNCTION = YES;
				GCC_WARN_UNUSED_VARIABLE = YES;
				IPHONEOS_DEPLOYMENT_TARGET = 14.0;
				MTL_ENABLE_DEBUG_INFO = INCLUDE_SOURCE;
				MTL_FAST_MATH = YES;
				ONLY_ACTIVE_ARCH = YES;
				SDKROOT = iphoneos;
				SWIFT_ACTIVE_COMPILATION_CONDITIONS = DEBUG;
				SWIFT_OPTIMIZATION_LEVEL = "-Onone";
			};
			name = Debug;
		};
		668EC2FD2525B77800686E3A /* Release */ = {
			isa = XCBuildConfiguration;
			buildSettings = {
				ALWAYS_SEARCH_USER_PATHS = NO;
				CLANG_ANALYZER_NONNULL = YES;
				CLANG_ANALYZER_NUMBER_OBJECT_CONVERSION = YES_AGGRESSIVE;
				CLANG_CXX_LANGUAGE_STANDARD = "gnu++14";
				CLANG_CXX_LIBRARY = "libc++";
				CLANG_ENABLE_MODULES = YES;
				CLANG_ENABLE_OBJC_ARC = YES;
				CLANG_ENABLE_OBJC_WEAK = YES;
				CLANG_WARN_BLOCK_CAPTURE_AUTORELEASING = YES;
				CLANG_WARN_BOOL_CONVERSION = YES;
				CLANG_WARN_COMMA = YES;
				CLANG_WARN_CONSTANT_CONVERSION = YES;
				CLANG_WARN_DEPRECATED_OBJC_IMPLEMENTATIONS = YES;
				CLANG_WARN_DIRECT_OBJC_ISA_USAGE = YES_ERROR;
				CLANG_WARN_DOCUMENTATION_COMMENTS = YES;
				CLANG_WARN_EMPTY_BODY = YES;
				CLANG_WARN_ENUM_CONVERSION = YES;
				CLANG_WARN_INFINITE_RECURSION = YES;
				CLANG_WARN_INT_CONVERSION = YES;
				CLANG_WARN_NON_LITERAL_NULL_CONVERSION = YES;
				CLANG_WARN_OBJC_IMPLICIT_RETAIN_SELF = YES;
				CLANG_WARN_OBJC_LITERAL_CONVERSION = YES;
				CLANG_WARN_OBJC_ROOT_CLASS = YES_ERROR;
				CLANG_WARN_QUOTED_INCLUDE_IN_FRAMEWORK_HEADER = YES;
				CLANG_WARN_RANGE_LOOP_ANALYSIS = YES;
				CLANG_WARN_STRICT_PROTOTYPES = YES;
				CLANG_WARN_SUSPICIOUS_MOVE = YES;
				CLANG_WARN_UNGUARDED_AVAILABILITY = YES_AGGRESSIVE;
				CLANG_WARN_UNREACHABLE_CODE = YES;
				CLANG_WARN__DUPLICATE_METHOD_MATCH = YES;
				COPY_PHASE_STRIP = NO;
				DEBUG_INFORMATION_FORMAT = "dwarf-with-dsym";
				ENABLE_NS_ASSERTIONS = NO;
				ENABLE_STRICT_OBJC_MSGSEND = YES;
				GCC_C_LANGUAGE_STANDARD = gnu11;
				GCC_NO_COMMON_BLOCKS = YES;
				GCC_WARN_64_TO_32_BIT_CONVERSION = YES;
				GCC_WARN_ABOUT_RETURN_TYPE = YES_ERROR;
				GCC_WARN_UNDECLARED_SELECTOR = YES;
				GCC_WARN_UNINITIALIZED_AUTOS = YES_AGGRESSIVE;
				GCC_WARN_UNUSED_FUNCTION = YES;
				GCC_WARN_UNUSED_VARIABLE = YES;
				IPHONEOS_DEPLOYMENT_TARGET = 14.0;
				MTL_ENABLE_DEBUG_INFO = NO;
				MTL_FAST_MATH = YES;
				SDKROOT = iphoneos;
				SWIFT_COMPILATION_MODE = wholemodule;
				SWIFT_OPTIMIZATION_LEVEL = "-O";
				VALIDATE_PRODUCT = YES;
			};
			name = Release;
		};
		668EC2FF2525B77800686E3A /* Debug */ = {
			isa = XCBuildConfiguration;
			buildSettings = {
				ASSETCATALOG_COMPILER_APPICON_NAME = AppIcon;
				ASSETCATALOG_COMPILER_GLOBAL_ACCENT_COLOR_NAME = AccentColor;
				CODE_SIGN_STYLE = Automatic;
				INFOPLIST_FILE = CardGame/Info.plist;
				LD_RUNPATH_SEARCH_PATHS = (
					"$(inherited)",
					"@executable_path/Frameworks",
				);
				PRODUCT_BUNDLE_IDENTIFIER = edu.northeastern.xuan.CardGame;
				PRODUCT_NAME = "$(TARGET_NAME)";
				SWIFT_VERSION = 5.0;
				TARGETED_DEVICE_FAMILY = "1,2";
			};
			name = Debug;
		};
		668EC3002525B77800686E3A /* Release */ = {
			isa = XCBuildConfiguration;
			buildSettings = {
				ASSETCATALOG_COMPILER_APPICON_NAME = AppIcon;
				ASSETCATALOG_COMPILER_GLOBAL_ACCENT_COLOR_NAME = AccentColor;
				CODE_SIGN_STYLE = Automatic;
				INFOPLIST_FILE = CardGame/Info.plist;
				LD_RUNPATH_SEARCH_PATHS = (
					"$(inherited)",
					"@executable_path/Frameworks",
				);
				PRODUCT_BUNDLE_IDENTIFIER = edu.northeastern.xuan.CardGame;
				PRODUCT_NAME = "$(TARGET_NAME)";
				SWIFT_VERSION = 5.0;
				TARGETED_DEVICE_FAMILY = "1,2";
			};
			name = Release;
		};
		668EC3022525B77800686E3A /* Debug */ = {
			isa = XCBuildConfiguration;
			buildSettings = {
				ALWAYS_EMBED_SWIFT_STANDARD_LIBRARIES = YES;
				BUNDLE_LOADER = "$(TEST_HOST)";
				CODE_SIGN_STYLE = Automatic;
				INFOPLIST_FILE = CardGameTests/Info.plist;
				IPHONEOS_DEPLOYMENT_TARGET = 14.0;
				LD_RUNPATH_SEARCH_PATHS = (
					"$(inherited)",
					"@executable_path/Frameworks",
					"@loader_path/Frameworks",
				);
				PRODUCT_BUNDLE_IDENTIFIER = edu.northeastern.xuan.CardGameTests;
				PRODUCT_NAME = "$(TARGET_NAME)";
				SWIFT_VERSION = 5.0;
				TARGETED_DEVICE_FAMILY = "1,2";
				TEST_HOST = "$(BUILT_PRODUCTS_DIR)/CardGame.app/CardGame";
			};
			name = Debug;
		};
		668EC3032525B77800686E3A /* Release */ = {
			isa = XCBuildConfiguration;
			buildSettings = {
				ALWAYS_EMBED_SWIFT_STANDARD_LIBRARIES = YES;
				BUNDLE_LOADER = "$(TEST_HOST)";
				CODE_SIGN_STYLE = Automatic;
				INFOPLIST_FILE = CardGameTests/Info.plist;
				IPHONEOS_DEPLOYMENT_TARGET = 14.0;
				LD_RUNPATH_SEARCH_PATHS = (
					"$(inherited)",
					"@executable_path/Frameworks",
					"@loader_path/Frameworks",
				);
				PRODUCT_BUNDLE_IDENTIFIER = edu.northeastern.xuan.CardGameTests;
				PRODUCT_NAME = "$(TARGET_NAME)";
				SWIFT_VERSION = 5.0;
				TARGETED_DEVICE_FAMILY = "1,2";
				TEST_HOST = "$(BUILT_PRODUCTS_DIR)/CardGame.app/CardGame";
			};
			name = Release;
		};
		668EC3052525B77800686E3A /* Debug */ = {
			isa = XCBuildConfiguration;
			buildSettings = {
				ALWAYS_EMBED_SWIFT_STANDARD_LIBRARIES = YES;
				CODE_SIGN_STYLE = Automatic;
				INFOPLIST_FILE = CardGameUITests/Info.plist;
				LD_RUNPATH_SEARCH_PATHS = (
					"$(inherited)",
					"@executable_path/Frameworks",
					"@loader_path/Frameworks",
				);
				PRODUCT_BUNDLE_IDENTIFIER = edu.northeastern.xuan.CardGameUITests;
				PRODUCT_NAME = "$(TARGET_NAME)";
				SWIFT_VERSION = 5.0;
				TARGETED_DEVICE_FAMILY = "1,2";
				TEST_TARGET_NAME = CardGame;
			};
			name = Debug;
		};
		668EC3062525B77800686E3A /* Release */ = {
			isa = XCBuildConfiguration;
			buildSettings = {
				ALWAYS_EMBED_SWIFT_STANDARD_LIBRARIES = YES;
				CODE_SIGN_STYLE = Automatic;
				INFOPLIST_FILE = CardGameUITests/Info.plist;
				LD_RUNPATH_SEARCH_PATHS = (
					"$(inherited)",
					"@executable_path/Frameworks",
					"@loader_path/Frameworks",
				);
				PRODUCT_BUNDLE_IDENTIFIER = edu.northeastern.xuan.CardGameUITests;
				PRODUCT_NAME = "$(TARGET_NAME)";
				SWIFT_VERSION = 5.0;
				TARGETED_DEVICE_FAMILY = "1,2";
				TEST_TARGET_NAME = CardGame;
			};
			name = Release;
		};
/* End XCBuildConfiguration section */

/* Begin XCConfigurationList section */
		668EC2CF2525B77700686E3A /* Build configuration list for PBXProject "CardGame" */ = {
			isa = XCConfigurationList;
			buildConfigurations = (
				668EC2FC2525B77800686E3A /* Debug */,
				668EC2FD2525B77800686E3A /* Release */,
			);
			defaultConfigurationIsVisible = 0;
			defaultConfigurationName = Release;
		};
		668EC2FE2525B77800686E3A /* Build configuration list for PBXNativeTarget "CardGame" */ = {
			isa = XCConfigurationList;
			buildConfigurations = (
				668EC2FF2525B77800686E3A /* Debug */,
				668EC3002525B77800686E3A /* Release */,
			);
			defaultConfigurationIsVisible = 0;
			defaultConfigurationName = Release;
		};
		668EC3012525B77800686E3A /* Build configuration list for PBXNativeTarget "CardGameTests" */ = {
			isa = XCConfigurationList;
			buildConfigurations = (
				668EC3022525B77800686E3A /* Debug */,
				668EC3032525B77800686E3A /* Release */,
			);
			defaultConfigurationIsVisible = 0;
			defaultConfigurationName = Release;
		};
		668EC3042525B77800686E3A /* Build configuration list for PBXNativeTarget "CardGameUITests" */ = {
			isa = XCConfigurationList;
			buildConfigurations = (
				668EC3052525B77800686E3A /* Debug */,
				668EC3062525B77800686E3A /* Release */,
			);
			defaultConfigurationIsVisible = 0;
			defaultConfigurationName = Release;
		};
/* End XCConfigurationList section */
	};
	rootObject = 668EC2CC2525B77700686E3A /* Project object */;
}
